
Microsoft Visual Studio Solution File, Format Version 12.00
# Visual Studio 15
VisualStudioVersion = 15.0.28307.902
MinimumVisualStudioVersion = 10.0.40219.1
Project("{9A19103F-16F7-4668-BE54-9A1E7A4F7556}") = "MarsRover", "MarsRover.csproj", "{A1055AEA-D64B-4C85-B29C-1A69911EF03B}"
EndProject
Project("{FAE04EC0-301F-11D3-BF4B-00C04F79EFBC}") = "UnitTests", "..\UnitTests\UnitTests.csproj", "{B544F768-A691-41A7-ACE4-9B83DD115F88}"
EndProject
Global
	GlobalSection(SolutionConfigurationPlatforms) = preSolution
		Debug|Any CPU = Debug|Any CPU
		Release|Any CPU = Release|Any CPU
	EndGlobalSection
	GlobalSection(ProjectConfigurationPlatforms) = postSolution
		{A1055AEA-D64B-4C85-B29C-1A69911EF03B}.Debug|Any CPU.ActiveCfg = Debug|Any CPU
		{A1055AEA-D64B-4C85-B29C-1A69911EF03B}.Debug|Any CPU.Build.0 = Debug|Any CPU
		{A1055AEA-D64B-4C85-B29C-1A69911EF03B}.Release|Any CPU.ActiveCfg = Release|Any CPU
		{A1055AEA-D64B-4C85-B29C-1A69911EF03B}.Release|Any CPU.Build.0 = Release|Any CPU
		{B544F768-A691-41A7-ACE4-9B83DD115F88}.Debug|Any CPU.ActiveCfg = Debug|Any CPU
		{B544F768-A691-41A7-ACE4-9B83DD115F88}.Debug|Any CPU.Build.0 = Debug|Any CPU
		{B544F768-A691-41A7-ACE4-9B83DD115F88}.Release|Any CPU.ActiveCfg = Release|Any CPU
		{B544F768-A691-41A7-ACE4-9B83DD115F88}.Release|Any CPU.Build.0 = Release|Any CPU
	EndGlobalSection
	GlobalSection(SolutionProperties) = preSolution
		HideSolutionNode = FALSE
	EndGlobalSection
	GlobalSection(ExtensibilityGlobals) = postSolution
		SolutionGuid = {1E09BA5E-ED64-45B7-835A-2A6EE9E3ABC9}
	EndGlobalSection
EndGlobal
